<?xml version="1.0" encoding="utf-8"?>
<Project ToolsVersion="4.0" xmlns="http://schemas.microsoft.com/developer/msbuild/2003">
  <ItemGroup>
    <Filter Include="소스 파일">
      <UniqueIdentifier>{4FC737F1-C7A5-4376-A066-2A32D752A2FF}</UniqueIdentifier>
      <Extensions>cpp;c;cc;cxx;def;odl;idl;hpj;bat;asm;asmx</Extensions>
    </Filter>
    <Filter Include="헤더 파일">
      <UniqueIdentifier>{93995380-89BD-4b04-88EB-625FBE52EBFB}</UniqueIdentifier>
      <Extensions>h;hh;hpp;hxx;hm;inl;inc;ipp;xsd</Extensions>
    </Filter>
    <Filter Include="리소스 파일">
      <UniqueIdentifier>{67DA6AB6-F800-4c08-8B7A-83BB121AAD01}</UniqueIdentifier>
      <Extensions>rc;ico;cur;bmp;dlg;rc2;rct;bin;rgs;gif;jpg;jpeg;jpe;resx;tiff;tif;png;wav;mfcribbon-ms</Extensions>
    </Filter>
  </ItemGroup>
  <ItemGroup>
    <ClCompile Include="AddBox.cpp">
      <Filter>소스 파일</Filter>
    </ClCompile>
    <ClCompile Include="AddLayerCommand.cpp">
      <Filter>소스 파일</Filter>
    </ClCompile>
    <ClCompile Include="AddLayerDialog.cpp">
      <Filter>소스 파일</Filter>
    </ClCompile>
    <ClCompile Include="Affine.cpp">
      <Filter>소스 파일</Filter>
    </ClCompile>
    <ClCompile Include="AffineNode.cpp">
      <Filter>소스 파일</Filter>
    </ClCompile>
    <ClCompile Include="Arrow.cpp">
      <Filter>소스 파일</Filter>
    </ClCompile>
    <ClCompile Include="Axis.cpp">
      <Filter>소스 파일</Filter>
    </ClCompile>
    <ClCompile Include="Cell.cpp">
      <Filter>소스 파일</Filter>
    </ClCompile>
    <ClCompile Include="Circle.cpp">
      <Filter>소스 파일</Filter>
    </ClCompile>
    <ClCompile Include="ClearLayerCommand.cpp">
      <Filter>소스 파일</Filter>
    </ClCompile>
    <ClCompile Include="Command.cpp">
      <Filter>소스 파일</Filter>
    </ClCompile>
    <ClCompile Include="CommandFactory.cpp">
      <Filter>소스 파일</Filter>
    </ClCompile>
    <ClCompile Include="CompositeGraph.cpp">
      <Filter>소스 파일</Filter>
    </ClCompile>
    <ClCompile Include="CompositeNeuron.cpp">
      <Filter>소스 파일</Filter>
    </ClCompile>
    <ClCompile Include="Convolution.cpp">
      <Filter>소스 파일</Filter>
    </ClCompile>
    <ClCompile Include="ConvolutionFilter.cpp">
      <Filter>소스 파일</Filter>
    </ClCompile>
    <ClCompile Include="CoordinateSystem.cpp">
      <Filter>소스 파일</Filter>
    </ClCompile>
    <ClCompile Include="Cross.cpp">
      <Filter>소스 파일</Filter>
    </ClCompile>
    <ClCompile Include="DrawingVisitor.cpp">
      <Filter>소스 파일</Filter>
    </ClCompile>
    <ClCompile Include="Dropout.cpp">
      <Filter>소스 파일</Filter>
    </ClCompile>
    <ClCompile Include="DropOutNode.cpp">
      <Filter>소스 파일</Filter>
    </ClCompile>
    <ClCompile Include="File.cpp">
      <Filter>소스 파일</Filter>
    </ClCompile>
    <ClCompile Include="FilterCube.cpp">
      <Filter>소스 파일</Filter>
    </ClCompile>
    <ClCompile Include="Graph.cpp">
      <Filter>소스 파일</Filter>
    </ClCompile>
    <ClCompile Include="GraphFactory.cpp">
      <Filter>소스 파일</Filter>
    </ClCompile>
    <ClCompile Include="GraphMaker.cpp">
      <Filter>소스 파일</Filter>
    </ClCompile>
    <ClCompile Include="GridGenerator.cpp">
      <Filter>소스 파일</Filter>
    </ClCompile>
    <ClCompile Include="Icon.cpp">
      <Filter>소스 파일</Filter>
    </ClCompile>
    <ClCompile Include="ImageConverter.cpp">
      <Filter>소스 파일</Filter>
    </ClCompile>
    <ClCompile Include="ImageFiileForTesting.cpp">
      <Filter>소스 파일</Filter>
    </ClCompile>
    <ClCompile Include="ImageFile.cpp">
      <Filter>소스 파일</Filter>
    </ClCompile>
    <ClCompile Include="InsertLayerCommand.cpp">
      <Filter>소스 파일</Filter>
    </ClCompile>
    <ClCompile Include="LabelFile.cpp">
      <Filter>소스 파일</Filter>
    </ClCompile>
    <ClCompile Include="LabelFileForTesting.cpp">
      <Filter>소스 파일</Filter>
    </ClCompile>
    <ClCompile Include="Layer.cpp">
      <Filter>소스 파일</Filter>
    </ClCompile>
    <ClCompile Include="LayerBox.cpp">
      <Filter>소스 파일</Filter>
    </ClCompile>
    <ClCompile Include="LayerBoxControl.cpp">
      <Filter>소스 파일</Filter>
    </ClCompile>
    <ClCompile Include="LayerInformationForm.cpp">
      <Filter>소스 파일</Filter>
    </ClCompile>
    <ClCompile Include="LayerToolTip.cpp">
      <Filter>소스 파일</Filter>
    </ClCompile>
    <ClCompile Include="Layout.cpp">
      <Filter>소스 파일</Filter>
    </ClCompile>
    <ClCompile Include="LearnCommand.cpp">
      <Filter>소스 파일</Filter>
    </ClCompile>
    <ClCompile Include="LearningDialog.cpp">
      <Filter>소스 파일</Filter>
    </ClCompile>
    <ClCompile Include="LearningForm.cpp">
      <Filter>소스 파일</Filter>
    </ClCompile>
    <ClCompile Include="Line.cpp">
      <Filter>소스 파일</Filter>
    </ClCompile>
    <ClCompile Include="NeuralNetwork.cpp">
      <Filter>소스 파일</Filter>
    </ClCompile>
    <ClCompile Include="NeuralNetworkForm.cpp">
      <Filter>소스 파일</Filter>
    </ClCompile>
    <ClCompile Include="NeuralNetworkToolBoxForm.cpp">
      <Filter>소스 파일</Filter>
    </ClCompile>
    <ClCompile Include="Neuron.cpp">
      <Filter>소스 파일</Filter>
    </ClCompile>
    <ClCompile Include="NeuronApp.cpp">
      <Filter>소스 파일</Filter>
    </ClCompile>
    <ClCompile Include="NeuronFactory.cpp">
      <Filter>소스 파일</Filter>
    </ClCompile>
    <ClCompile Include="NeuronForm.cpp">
      <Filter>소스 파일</Filter>
    </ClCompile>
    <ClCompile Include="Node.cpp">
      <Filter>소스 파일</Filter>
    </ClCompile>
    <ClCompile Include="OpenCommand.cpp">
      <Filter>소스 파일</Filter>
    </ClCompile>
    <ClCompile Include="Point.cpp">
      <Filter>소스 파일</Filter>
    </ClCompile>
    <ClCompile Include="Pooling.cpp">
      <Filter>소스 파일</Filter>
    </ClCompile>
    <ClCompile Include="PoolingFilter.cpp">
      <Filter>소스 파일</Filter>
    </ClCompile>
    <ClCompile Include="RecognizeCommand.cpp">
      <Filter>소스 파일</Filter>
    </ClCompile>
    <ClCompile Include="Recognizer.cpp">
      <Filter>소스 파일</Filter>
    </ClCompile>
    <ClCompile Include="RecognizingForm.cpp">
      <Filter>소스 파일</Filter>
    </ClCompile>
    <ClCompile Include="RectangleGrpah.cpp">
      <Filter>소스 파일</Filter>
    </ClCompile>
    <ClCompile Include="ReLU.cpp">
      <Filter>소스 파일</Filter>
    </ClCompile>
    <ClCompile Include="ReluNode.cpp">
      <Filter>소스 파일</Filter>
    </ClCompile>
    <ClCompile Include="RemoveLayerCommand.cpp">
      <Filter>소스 파일</Filter>
    </ClCompile>
    <ClCompile Include="RoundRectangle.cpp">
      <Filter>소스 파일</Filter>
    </ClCompile>
    <ClCompile Include="Sampler.cpp">
      <Filter>소스 파일</Filter>
    </ClCompile>
    <ClCompile Include="SaveCommand.cpp">
      <Filter>소스 파일</Filter>
    </ClCompile>
    <ClCompile Include="Scroll.cpp">
      <Filter>소스 파일</Filter>
    </ClCompile>
    <ClCompile Include="ScrollControllers.cpp">
      <Filter>소스 파일</Filter>
    </ClCompile>
    <ClCompile Include="Sigmoid.cpp">
      <Filter>소스 파일</Filter>
    </ClCompile>
    <ClCompile Include="SigmoidNode.cpp">
      <Filter>소스 파일</Filter>
    </ClCompile>
    <ClCompile Include="Softmax.cpp">
      <Filter>소스 파일</Filter>
    </ClCompile>
    <ClCompile Include="SoftmaxNode.cpp">
      <Filter>소스 파일</Filter>
    </ClCompile>
    <ClCompile Include="SpatialTransformer.cpp">
      <Filter>소스 파일</Filter>
    </ClCompile>
    <ClCompile Include="SquaredLoss.cpp">
      <Filter>소스 파일</Filter>
    </ClCompile>
    <ClCompile Include="Table.cpp">
      <Filter>소스 파일</Filter>
    </ClCompile>
    <ClCompile Include="Texts.cpp">
      <Filter>소스 파일</Filter>
    </ClCompile>
    <ClCompile Include="Trainer.cpp">
      <Filter>소스 파일</Filter>
    </ClCompile>
    <ClCompile Include="Visitor.cpp">
      <Filter>소스 파일</Filter>
    </ClCompile>
    <ClCompile Include="VScrollActionFactory.cpp">
      <Filter>소스 파일</Filter>
    </ClCompile>
    <ClCompile Include="VScrollActions.cpp">
      <Filter>소스 파일</Filter>
    </ClCompile>
  </ItemGroup>
  <ItemGroup>
    <ClInclude Include="AddBox.h">
      <Filter>헤더 파일</Filter>
    </ClInclude>
    <ClInclude Include="AddLayerCommand.h">
      <Filter>헤더 파일</Filter>
    </ClInclude>
    <ClInclude Include="AddLayerDialog.h">
      <Filter>헤더 파일</Filter>
    </ClInclude>
    <ClInclude Include="Affine.h">
      <Filter>헤더 파일</Filter>
    </ClInclude>
    <ClInclude Include="AffineNode.h">
      <Filter>헤더 파일</Filter>
    </ClInclude>
    <ClInclude Include="Array.h">
      <Filter>헤더 파일</Filter>
    </ClInclude>
    <ClInclude Include="Arrow.h">
      <Filter>헤더 파일</Filter>
    </ClInclude>
    <ClInclude Include="Axis.h">
      <Filter>헤더 파일</Filter>
    </ClInclude>
    <ClInclude Include="Cell.h">
      <Filter>헤더 파일</Filter>
    </ClInclude>
    <ClInclude Include="Circle.h">
      <Filter>헤더 파일</Filter>
    </ClInclude>
    <ClInclude Include="ClearLayerCommand.h">
      <Filter>헤더 파일</Filter>
    </ClInclude>
    <ClInclude Include="Command.h">
      <Filter>헤더 파일</Filter>
    </ClInclude>
    <ClInclude Include="CommandFactory.h">
      <Filter>헤더 파일</Filter>
    </ClInclude>
    <ClInclude Include="CompositeGraph.h">
      <Filter>헤더 파일</Filter>
    </ClInclude>
    <ClInclude Include="CompositeNeuron.h">
      <Filter>헤더 파일</Filter>
    </ClInclude>
    <ClInclude Include="Convolution.h">
      <Filter>헤더 파일</Filter>
    </ClInclude>
    <ClInclude Include="ConvolutionFilter.h">
      <Filter>헤더 파일</Filter>
    </ClInclude>
    <ClInclude Include="CoordinateSystem.h">
      <Filter>헤더 파일</Filter>
    </ClInclude>
    <ClInclude Include="Cross.h">
      <Filter>헤더 파일</Filter>
    </ClInclude>
    <ClInclude Include="DrawingVisitor.h">
      <Filter>헤더 파일</Filter>
    </ClInclude>
    <ClInclude Include="Dropout.h">
      <Filter>헤더 파일</Filter>
    </ClInclude>
    <ClInclude Include="DropoutNode.h">
      <Filter>헤더 파일</Filter>
    </ClInclude>
    <ClInclude Include="File.h">
      <Filter>헤더 파일</Filter>
    </ClInclude>
    <ClInclude Include="FilterCube.h">
      <Filter>헤더 파일</Filter>
    </ClInclude>
    <ClInclude Include="Graph.h">
      <Filter>헤더 파일</Filter>
    </ClInclude>
    <ClInclude Include="GraphFactory.h">
      <Filter>헤더 파일</Filter>
    </ClInclude>
    <ClInclude Include="GraphMaker.h">
      <Filter>헤더 파일</Filter>
    </ClInclude>
    <ClInclude Include="GridGenerator.h">
      <Filter>헤더 파일</Filter>
    </ClInclude>
    <ClInclude Include="Icon.h">
      <Filter>헤더 파일</Filter>
    </ClInclude>
    <ClInclude Include="ImageConverter.h">
      <Filter>헤더 파일</Filter>
    </ClInclude>
    <ClInclude Include="ImageFile.h">
      <Filter>헤더 파일</Filter>
    </ClInclude>
    <ClInclude Include="ImageFileForTesting.h">
      <Filter>헤더 파일</Filter>
    </ClInclude>
    <ClInclude Include="InsertLayerCommand.h">
      <Filter>헤더 파일</Filter>
    </ClInclude>
    <ClInclude Include="LabeFileForTesting.h">
      <Filter>헤더 파일</Filter>
    </ClInclude>
    <ClInclude Include="LabelFile.h">
      <Filter>헤더 파일</Filter>
    </ClInclude>
    <ClInclude Include="Layer.h">
      <Filter>헤더 파일</Filter>
    </ClInclude>
    <ClInclude Include="LayerBox.h">
      <Filter>헤더 파일</Filter>
    </ClInclude>
    <ClInclude Include="LayerBoxControl.h">
      <Filter>헤더 파일</Filter>
    </ClInclude>
    <ClInclude Include="LayerInformationForm.h">
      <Filter>헤더 파일</Filter>
    </ClInclude>
    <ClInclude Include="LayerToolTip.h">
      <Filter>헤더 파일</Filter>
    </ClInclude>
    <ClInclude Include="Layout.h">
      <Filter>헤더 파일</Filter>
    </ClInclude>
    <ClInclude Include="LearnCommand.h">
      <Filter>헤더 파일</Filter>
    </ClInclude>
    <ClInclude Include="LearningDialog.h">
      <Filter>헤더 파일</Filter>
    </ClInclude>
    <ClInclude Include="LearningForm.h">
      <Filter>헤더 파일</Filter>
    </ClInclude>
    <ClInclude Include="Line.h">
      <Filter>헤더 파일</Filter>
    </ClInclude>
    <ClInclude Include="Matrix.h">
      <Filter>헤더 파일</Filter>
    </ClInclude>
    <ClInclude Include="NeuralNetwork.h">
      <Filter>헤더 파일</Filter>
    </ClInclude>
    <ClInclude Include="NeuralNetworkForm.h">
      <Filter>헤더 파일</Filter>
    </ClInclude>
    <ClInclude Include="NeuralNetworkToolBoxForm.h">
      <Filter>헤더 파일</Filter>
    </ClInclude>
    <ClInclude Include="Neuron.h">
      <Filter>헤더 파일</Filter>
    </ClInclude>
    <ClInclude Include="NeuronApp.h">
      <Filter>헤더 파일</Filter>
    </ClInclude>
    <ClInclude Include="NeuronFactory.h">
      <Filter>헤더 파일</Filter>
    </ClInclude>
    <ClInclude Include="NeuronForm.h">
      <Filter>헤더 파일</Filter>
    </ClInclude>
    <ClInclude Include="Node.h">
      <Filter>헤더 파일</Filter>
    </ClInclude>
    <ClInclude Include="OpenCommand.h">
      <Filter>헤더 파일</Filter>
    </ClInclude>
    <ClInclude Include="Point.h">
      <Filter>헤더 파일</Filter>
    </ClInclude>
    <ClInclude Include="Pooling.h">
      <Filter>헤더 파일</Filter>
    </ClInclude>
    <ClInclude Include="PoolingFilter.h">
      <Filter>헤더 파일</Filter>
    </ClInclude>
    <ClInclude Include="RecognizeCommand.h">
      <Filter>헤더 파일</Filter>
    </ClInclude>
    <ClInclude Include="Recognizer.h">
      <Filter>헤더 파일</Filter>
    </ClInclude>
    <ClInclude Include="RecognizingForm.h">
      <Filter>헤더 파일</Filter>
    </ClInclude>
    <ClInclude Include="RectangleGraph.h">
      <Filter>헤더 파일</Filter>
    </ClInclude>
    <ClInclude Include="ReLU.h">
      <Filter>헤더 파일</Filter>
    </ClInclude>
    <ClInclude Include="ReluNode.h">
      <Filter>헤더 파일</Filter>
    </ClInclude>
    <ClInclude Include="RemoveLayerCommand.h">
      <Filter>헤더 파일</Filter>
    </ClInclude>
    <ClInclude Include="resource.h">
      <Filter>헤더 파일</Filter>
    </ClInclude>
    <ClInclude Include="RoundRectangle.h">
      <Filter>헤더 파일</Filter>
    </ClInclude>
    <ClInclude Include="Sampler.h">
      <Filter>헤더 파일</Filter>
    </ClInclude>
    <ClInclude Include="SaveCommand.h">
      <Filter>헤더 파일</Filter>
    </ClInclude>
    <ClInclude Include="Scroll.h">
      <Filter>헤더 파일</Filter>
    </ClInclude>
    <ClInclude Include="ScrollControllers.h">
      <Filter>헤더 파일</Filter>
    </ClInclude>
    <ClInclude Include="Sigmoid.h">
      <Filter>헤더 파일</Filter>
    </ClInclude>
    <ClInclude Include="SigmoidNode.h">
      <Filter>헤더 파일</Filter>
    </ClInclude>
    <ClInclude Include="Softmax.h">
      <Filter>헤더 파일</Filter>
    </ClInclude>
    <ClInclude Include="SoftmaxNode.h">
      <Filter>헤더 파일</Filter>
    </ClInclude>
    <ClInclude Include="SpatialTransformer.h">
      <Filter>헤더 파일</Filter>
    </ClInclude>
    <ClInclude Include="SquaredLoss.h">
      <Filter>헤더 파일</Filter>
    </ClInclude>
    <ClInclude Include="Table.h">
      <Filter>헤더 파일</Filter>
    </ClInclude>
    <ClInclude Include="Texts.h">
      <Filter>헤더 파일</Filter>
    </ClInclude>
    <ClInclude Include="Trainer.h">
      <Filter>헤더 파일</Filter>
    </ClInclude>
    <ClInclude Include="Visitor.h">
      <Filter>헤더 파일</Filter>
    </ClInclude>
    <ClInclude Include="VScrollActionFactory.h">
      <Filter>헤더 파일</Filter>
    </ClInclude>
    <ClInclude Include="VScrollActions.h">
      <Filter>헤더 파일</Filter>
    </ClInclude>
  </ItemGroup>
  <ItemGroup>
    <ResourceCompile Include="Neuron20190611.rc">
      <Filter>리소스 파일</Filter>
    </ResourceCompile>
  </ItemGroup>
  <ItemGroup>
    <Image Include="NEW.bmp">
      <Filter>리소스 파일</Filter>
    </Image>
    <Image Include="OPEN.bmp">
      <Filter>리소스 파일</Filter>
    </Image>
    <Image Include="Recognize_On.bmp">
      <Filter>리소스 파일</Filter>
    </Image>
    <Image Include="Recongnize_normal.bmp">
      <Filter>리소스 파일</Filter>
    </Image>
    <Image Include="Reset.bmp">
      <Filter>리소스 파일</Filter>
    </Image>
    <Image Include="Reset_Clicked.bmp">
      <Filter>리소스 파일</Filter>
    </Image>
    <Image Include="SAVE.bmp">
      <Filter>리소스 파일</Filter>
    </Image>
  </ItemGroup>
  <ItemGroup>
    <None Include="t10k-images.idx3-ubyte" />
    <None Include="t10k-labels.idx1-ubyte" />
    <None Include="train-images.idx3-ubyte" />
    <None Include="train-labels.idx1-ubyte" />
    <None Include="transform_images.dat" />
    <None Include="transform_images_answer.dat" />
    <None Include="transform_labels.dat" />
  </ItemGroup>
</Project>